
Microsoft Visual Studio Solution File, Format Version 10.00
# Visual Studio 2008
Project("{8BC9CEB8-8B4A-11D0-8D11-00A0C91BC942}") = "Nexus", "Nexus\Nexus.vcproj", "{8CBBD6CE-6AAF-4DC5-9B8E-87CEF7F6AFAA}"
EndProject
Global
	GlobalSection(SolutionConfigurationPlatforms) = preSolution
		Debug|Win32 = Debug|Win32
		Release|Win32 = Release|Win32
	EndGlobalSection
	GlobalSection(ProjectConfigurationPlatforms) = postSolution
		{8CBBD6CE-6AAF-4DC5-9B8E-87CEF7F6AFAA}.Debug|Win32.ActiveCfg = Debug|Win32
		{8CBBD6CE-6AAF-4DC5-9B8E-87CEF7F6AFAA}.Debug|Win32.Build.0 = Debug|Win32
		{8CBBD6CE-6AAF-4DC5-9B8E-87CEF7F6AFAA}.Release|Win32.ActiveCfg = Release|Win32
		{8CBBD6CE-6AAF-4DC5-9B8E-87CEF7F6AFAA}.Release|Win32.Build.0 = Release|Win32
	EndGlobalSection
	GlobalSection(SolutionProperties) = preSolution
		HideSolutionNode = FALSE
	EndGlobalSection
EndGlobal
